
Microsoft Visual Studio Solution File, Format Version 11.00
# Visual Studio 2010
Project("{FAE04EC0-301F-11D3-BF4B-00C04F79EFBC}") = "Oculus Teleoperation", "Assembly-CSharp.csproj", "{2CA59118-D780-D127-A3EF-F976ECC5E286}"
EndProject
Project("{FAE04EC0-301F-11D3-BF4B-00C04F79EFBC}") = "Oculus Teleoperation", "Assembly-CSharp-Editor.csproj", "{7AD243D3-9FB8-C87D-B719-FF602C2AD71C}"
EndProject
Global
	GlobalSection(SolutionConfigurationPlatforms) = preSolution
		Debug|Any CPU = Debug|Any CPU
		Release|Any CPU = Release|Any CPU
	EndGlobalSection
	GlobalSection(ProjectConfigurationPlatforms) = postSolution
		{2CA59118-D780-D127-A3EF-F976ECC5E286}.Debug|Any CPU.ActiveCfg = Debug|Any CPU
		{2CA59118-D780-D127-A3EF-F976ECC5E286}.Debug|Any CPU.Build.0 = Debug|Any CPU
		{2CA59118-D780-D127-A3EF-F976ECC5E286}.Release|Any CPU.ActiveCfg = Release|Any CPU
		{2CA59118-D780-D127-A3EF-F976ECC5E286}.Release|Any CPU.Build.0 = Release|Any CPU
		{7AD243D3-9FB8-C87D-B719-FF602C2AD71C}.Debug|Any CPU.ActiveCfg = Debug|Any CPU
		{7AD243D3-9FB8-C87D-B719-FF602C2AD71C}.Debug|Any CPU.Build.0 = Debug|Any CPU
		{7AD243D3-9FB8-C87D-B719-FF602C2AD71C}.Release|Any CPU.ActiveCfg = Release|Any CPU
		{7AD243D3-9FB8-C87D-B719-FF602C2AD71C}.Release|Any CPU.Build.0 = Release|Any CPU
	EndGlobalSection
	GlobalSection(SolutionProperties) = preSolution
		HideSolutionNode = FALSE
	EndGlobalSection
	GlobalSection(MonoDevelopProperties) = preSolution
		StartupItem = Assembly-CSharp.csproj
	EndGlobalSection
EndGlobal
